// !$*UTF8*$!
{
	archiveVersion = 1;
	classes = {
	};
	objectVersion = 46;
	objects = {

/* Begin PBXBuildFile section */
		0F78E3D7DE42B33D0EF0FE66 /* libPods-iosobjective-c0727UITests.a in Frameworks */ = {isa = PBXBuildFile; fileRef = CAFD70F0FF56E8763F7F73E8 /* libPods-iosobjective-c0727UITests.a */; };
		4A75BBE81F297B1000D5A55F /* main.m in Sources */ = {isa = PBXBuildFile; fileRef = 4A75BBE71F297B1000D5A55F /* main.m */; };
		4A75BBEB1F297B1000D5A55F /* AppDelegate.m in Sources */ = {isa = PBXBuildFile; fileRef = 4A75BBEA1F297B1000D5A55F /* AppDelegate.m */; };
		4A75BBEE1F297B1000D5A55F /* FirstViewController.m in Sources */ = {isa = PBXBuildFile; fileRef = 4A75BBED1F297B1000D5A55F /* FirstViewController.m */; };
		4A75BBF11F297B1000D5A55F /* SecondViewController.m in Sources */ = {isa = PBXBuildFile; fileRef = 4A75BBF01F297B1000D5A55F /* SecondViewController.m */; };
		4A75BBF41F297B1000D5A55F /* Main.storyboard in Resources */ = {isa = PBXBuildFile; fileRef = 4A75BBF21F297B1000D5A55F /* Main.storyboard */; };
		4A75BBF61F297B1000D5A55F /* Assets.xcassets in Resources */ = {isa = PBXBuildFile; fileRef = 4A75BBF51F297B1000D5A55F /* Assets.xcassets */; };
		4A75BBF91F297B1000D5A55F /* LaunchScreen.storyboard in Resources */ = {isa = PBXBuildFile; fileRef = 4A75BBF71F297B1000D5A55F /* LaunchScreen.storyboard */; };
		4A75BC041F297B1000D5A55F /* iosobjective_c0727Tests.m in Sources */ = {isa = PBXBuildFile; fileRef = 4A75BC031F297B1000D5A55F /* iosobjective_c0727Tests.m */; };
		4A75BC0F1F297B1000D5A55F /* iosobjective_c0727UITests.m in Sources */ = {isa = PBXBuildFile; fileRef = 4A75BC0E1F297B1000D5A55F /* iosobjective_c0727UITests.m */; };
		8A60E1FBA504B3601CA7A2FB /* libPods-iosobjective-c0727Tests.a in Frameworks */ = {isa = PBXBuildFile; fileRef = 1D1DEE89A429B54D984636D4 /* libPods-iosobjective-c0727Tests.a */; };
		B10263E14EB2DAB1B33508BF /* libPods-iosobjective-c0727.a in Frameworks */ = {isa = PBXBuildFile; fileRef = 3452DD45DFC2803071B6299D /* libPods-iosobjective-c0727.a */; };
/* End PBXBuildFile section */

/* Begin PBXContainerItemProxy section */
		4A75BC001F297B1000D5A55F /* PBXContainerItemProxy */ = {
			isa = PBXContainerItemProxy;
			containerPortal = 4A75BBDB1F297B1000D5A55F /* Project object */;
			proxyType = 1;
			remoteGlobalIDString = 4A75BBE21F297B1000D5A55F;
			remoteInfo = "iosobjective-c0727";
		};
		4A75BC0B1F297B1000D5A55F /* PBXContainerItemProxy */ = {
			isa = PBXContainerItemProxy;
			containerPortal = 4A75BBDB1F297B1000D5A55F /* Project object */;
			proxyType = 1;
			remoteGlobalIDString = 4A75BBE21F297B1000D5A55F;
			remoteInfo = "iosobjective-c0727";
		};
/* End PBXContainerItemProxy section */

/* Begin PBXFileReference section */
		1471CB65FBD554423562BFF9 /* Pods-iosobjective-c0727.debug.xcconfig */ = {isa = PBXFileReference; includeInIndex = 1; lastKnownFileType = text.xcconfig; name = "Pods-iosobjective-c0727.debug.xcconfig"; path = "Pods/Target Support Files/Pods-iosobjective-c0727/Pods-iosobjective-c0727.debug.xcconfig"; sourceTree = "<group>"; };
		1D1DEE89A429B54D984636D4 /* libPods-iosobjective-c0727Tests.a */ = {isa = PBXFileReference; explicitFileType = archive.ar; includeInIndex = 0; path = "libPods-iosobjective-c0727Tests.a"; sourceTree = BUILT_PRODUCTS_DIR; };
		2FB4B627D88212068B198F1C /* Pods-iosobjective-c0727Tests.release.xcconfig */ = {isa = PBXFileReference; includeInIndex = 1; lastKnownFileType = text.xcconfig; name = "Pods-iosobjective-c0727Tests.release.xcconfig"; path = "Pods/Target Support Files/Pods-iosobjective-c0727Tests/Pods-iosobjective-c0727Tests.release.xcconfig"; sourceTree = "<group>"; };
		3452DD45DFC2803071B6299D /* libPods-iosobjective-c0727.a */ = {isa = PBXFileReference; explicitFileType = archive.ar; includeInIndex = 0; path = "libPods-iosobjective-c0727.a"; sourceTree = BUILT_PRODUCTS_DIR; };
		43A21DB3937C9267C9F85923 /* Pods-iosobjective-c0727UITests.debug.xcconfig */ = {isa = PBXFileReference; includeInIndex = 1; lastKnownFileType = text.xcconfig; name = "Pods-iosobjective-c0727UITests.debug.xcconfig"; path = "Pods/Target Support Files/Pods-iosobjective-c0727UITests/Pods-iosobjective-c0727UITests.debug.xcconfig"; sourceTree = "<group>"; };
		4A75BBE31F297B1000D5A55F /* iosobjective-c0727.app */ = {isa = PBXFileReference; explicitFileType = wrapper.application; includeInIndex = 0; path = "iosobjective-c0727.app"; sourceTree = BUILT_PRODUCTS_DIR; };
		4A75BBE71F297B1000D5A55F /* main.m */ = {isa = PBXFileReference; lastKnownFileType = sourcecode.c.objc; path = main.m; sourceTree = "<group>"; };
		4A75BBE91F297B1000D5A55F /* AppDelegate.h */ = {isa = PBXFileReference; lastKnownFileType = sourcecode.c.h; path = AppDelegate.h; sourceTree = "<group>"; };
		4A75BBEA1F297B1000D5A55F /* AppDelegate.m */ = {isa = PBXFileReference; lastKnownFileType = sourcecode.c.objc; path = AppDelegate.m; sourceTree = "<group>"; };
		4A75BBEC1F297B1000D5A55F /* FirstViewController.h */ = {isa = PBXFileReference; lastKnownFileType = sourcecode.c.h; path = FirstViewController.h; sourceTree = "<group>"; };
		4A75BBED1F297B1000D5A55F /* FirstViewController.m */ = {isa = PBXFileReference; lastKnownFileType = sourcecode.c.objc; path = FirstViewController.m; sourceTree = "<group>"; };
		4A75BBEF1F297B1000D5A55F /* SecondViewController.h */ = {isa = PBXFileReference; lastKnownFileType = sourcecode.c.h; path = SecondViewController.h; sourceTree = "<group>"; };
		4A75BBF01F297B1000D5A55F /* SecondViewController.m */ = {isa = PBXFileReference; lastKnownFileType = sourcecode.c.objc; path = SecondViewController.m; sourceTree = "<group>"; };
		4A75BBF31F297B1000D5A55F /* Base */ = {isa = PBXFileReference; lastKnownFileType = file.storyboard; name = Base; path = Base.lproj/Main.storyboard; sourceTree = "<group>"; };
		4A75BBF51F297B1000D5A55F /* Assets.xcassets */ = {isa = PBXFileReference; lastKnownFileType = folder.assetcatalog; path = Assets.xcassets; sourceTree = "<group>"; };
		4A75BBF81F297B1000D5A55F /* Base */ = {isa = PBXFileReference; lastKnownFileType = file.storyboard; name = Base; path = Base.lproj/LaunchScreen.storyboard; sourceTree = "<group>"; };
		4A75BBFA1F297B1000D5A55F /* Info.plist */ = {isa = PBXFileReference; lastKnownFileType = text.plist.xml; path = Info.plist; sourceTree = "<group>"; };
		4A75BBFF1F297B1000D5A55F /* iosobjective-c0727Tests.xctest */ = {isa = PBXFileReference; explicitFileType = wrapper.cfbundle; includeInIndex = 0; path = "iosobjective-c0727Tests.xctest"; sourceTree = BUILT_PRODUCTS_DIR; };
		4A75BC031F297B1000D5A55F /* iosobjective_c0727Tests.m */ = {isa = PBXFileReference; lastKnownFileType = sourcecode.c.objc; path = iosobjective_c0727Tests.m; sourceTree = "<group>"; };
		4A75BC051F297B1000D5A55F /* Info.plist */ = {isa = PBXFileReference; lastKnownFileType = text.plist.xml; path = Info.plist; sourceTree = "<group>"; };
		4A75BC0A1F297B1000D5A55F /* iosobjective-c0727UITests.xctest */ = {isa = PBXFileReference; explicitFileType = wrapper.cfbundle; includeInIndex = 0; path = "iosobjective-c0727UITests.xctest"; sourceTree = BUILT_PRODUCTS_DIR; };
		4A75BC0E1F297B1000D5A55F /* iosobjective_c0727UITests.m */ = {isa = PBXFileReference; lastKnownFileType = sourcecode.c.objc; path = iosobjective_c0727UITests.m; sourceTree = "<group>"; };
		4A75BC101F297B1000D5A55F /* Info.plist */ = {isa = PBXFileReference; lastKnownFileType = text.plist.xml; path = Info.plist; sourceTree = "<group>"; };
		4A75BC1C1F297B8C00D5A55F /* iosobjective-c0727.entitlements */ = {isa = PBXFileReference; lastKnownFileType = text.plist.entitlements; path = "iosobjective-c0727.entitlements"; sourceTree = "<group>"; };
		99CC78A2F91B370E565EDB3E /* Pods-iosobjective-c0727Tests.debug.xcconfig */ = {isa = PBXFileReference; includeInIndex = 1; lastKnownFileType = text.xcconfig; name = "Pods-iosobjective-c0727Tests.debug.xcconfig"; path = "Pods/Target Support Files/Pods-iosobjective-c0727Tests/Pods-iosobjective-c0727Tests.debug.xcconfig"; sourceTree = "<group>"; };
		9DE683526C9C779E63A02535 /* Pods-iosobjective-c0727UITests.release.xcconfig */ = {isa = PBXFileReference; includeInIndex = 1; lastKnownFileType = text.xcconfig; name = "Pods-iosobjective-c0727UITests.release.xcconfig"; path = "Pods/Target Support Files/Pods-iosobjective-c0727UITests/Pods-iosobjective-c0727UITests.release.xcconfig"; sourceTree = "<group>"; };
		A8EE1AFD6C0A3DB73BA2D012 /* Pods-iosobjective-c0727.release.xcconfig */ = {isa = PBXFileReference; includeInIndex = 1; lastKnownFileType = text.xcconfig; name = "Pods-iosobjective-c0727.release.xcconfig"; path = "Pods/Target Support Files/Pods-iosobjective-c0727/Pods-iosobjective-c0727.release.xcconfig"; sourceTree = "<group>"; };
		CAFD70F0FF56E8763F7F73E8 /* libPods-iosobjective-c0727UITests.a */ = {isa = PBXFileReference; explicitFileType = archive.ar; includeInIndex = 0; path = "libPods-iosobjective-c0727UITests.a"; sourceTree = BUILT_PRODUCTS_DIR; };
/* End PBXFileReference section */

/* Begin PBXFrameworksBuildPhase section */
		4A75BBE01F297B1000D5A55F /* Frameworks */ = {
			isa = PBXFrameworksBuildPhase;
			buildActionMask = 2147483647;
			files = (
				B10263E14EB2DAB1B33508BF /* libPods-iosobjective-c0727.a in Frameworks */,
			);
			runOnlyForDeploymentPostprocessing = 0;
		};
		4A75BBFC1F297B1000D5A55F /* Frameworks */ = {
			isa = PBXFrameworksBuildPhase;
			buildActionMask = 2147483647;
			files = (
				8A60E1FBA504B3601CA7A2FB /* libPods-iosobjective-c0727Tests.a in Frameworks */,
			);
			runOnlyForDeploymentPostprocessing = 0;
		};
		4A75BC071F297B1000D5A55F /* Frameworks */ = {
			isa = PBXFrameworksBuildPhase;
			buildActionMask = 2147483647;
			files = (
				0F78E3D7DE42B33D0EF0FE66 /* libPods-iosobjective-c0727UITests.a in Frameworks */,
			);
			runOnlyForDeploymentPostprocessing = 0;
		};
/* End PBXFrameworksBuildPhase section */

/* Begin PBXGroup section */
		44BC08774CF0444E9D196E96 /* Pods */ = {
			isa = PBXGroup;
			children = (
				1471CB65FBD554423562BFF9 /* Pods-iosobjective-c0727.debug.xcconfig */,
				A8EE1AFD6C0A3DB73BA2D012 /* Pods-iosobjective-c0727.release.xcconfig */,
				99CC78A2F91B370E565EDB3E /* Pods-iosobjective-c0727Tests.debug.xcconfig */,
				2FB4B627D88212068B198F1C /* Pods-iosobjective-c0727Tests.release.xcconfig */,
				43A21DB3937C9267C9F85923 /* Pods-iosobjective-c0727UITests.debug.xcconfig */,
				9DE683526C9C779E63A02535 /* Pods-iosobjective-c0727UITests.release.xcconfig */,
			);
			name = Pods;
			sourceTree = "<group>";
		};
		4A75BBDA1F297B1000D5A55F = {
			isa = PBXGroup;
			children = (
				4A75BBE51F297B1000D5A55F /* iosobjective-c0727 */,
				4A75BC021F297B1000D5A55F /* iosobjective-c0727Tests */,
				4A75BC0D1F297B1000D5A55F /* iosobjective-c0727UITests */,
				4A75BBE41F297B1000D5A55F /* Products */,
				4A75BC1D1F297BD700D5A55F /* Frameworks */,
				44BC08774CF0444E9D196E96 /* Pods */,
			);
			sourceTree = "<group>";
		};
		4A75BBE41F297B1000D5A55F /* Products */ = {
			isa = PBXGroup;
			children = (
				4A75BBE31F297B1000D5A55F /* iosobjective-c0727.app */,
				4A75BBFF1F297B1000D5A55F /* iosobjective-c0727Tests.xctest */,
				4A75BC0A1F297B1000D5A55F /* iosobjective-c0727UITests.xctest */,
			);
			name = Products;
			sourceTree = "<group>";
		};
		4A75BBE51F297B1000D5A55F /* iosobjective-c0727 */ = {
			isa = PBXGroup;
			children = (
				4A75BC1C1F297B8C00D5A55F /* iosobjective-c0727.entitlements */,
				4A75BBE91F297B1000D5A55F /* AppDelegate.h */,
				4A75BBEA1F297B1000D5A55F /* AppDelegate.m */,
				4A75BBEC1F297B1000D5A55F /* FirstViewController.h */,
				4A75BBED1F297B1000D5A55F /* FirstViewController.m */,
				4A75BBEF1F297B1000D5A55F /* SecondViewController.h */,
				4A75BBF01F297B1000D5A55F /* SecondViewController.m */,
				4A75BBF21F297B1000D5A55F /* Main.storyboard */,
				4A75BBF51F297B1000D5A55F /* Assets.xcassets */,
				4A75BBF71F297B1000D5A55F /* LaunchScreen.storyboard */,
				4A75BBFA1F297B1000D5A55F /* Info.plist */,
				4A75BBE61F297B1000D5A55F /* Supporting Files */,
			);
			path = "iosobjective-c0727";
			sourceTree = "<group>";
		};
		4A75BBE61F297B1000D5A55F /* Supporting Files */ = {
			isa = PBXGroup;
			children = (
				4A75BBE71F297B1000D5A55F /* main.m */,
			);
			name = "Supporting Files";
			sourceTree = "<group>";
		};
		4A75BC021F297B1000D5A55F /* iosobjective-c0727Tests */ = {
			isa = PBXGroup;
			children = (
				4A75BC031F297B1000D5A55F /* iosobjective_c0727Tests.m */,
				4A75BC051F297B1000D5A55F /* Info.plist */,
			);
			path = "iosobjective-c0727Tests";
			sourceTree = "<group>";
		};
		4A75BC0D1F297B1000D5A55F /* iosobjective-c0727UITests */ = {
			isa = PBXGroup;
			children = (
				4A75BC0E1F297B1000D5A55F /* iosobjective_c0727UITests.m */,
				4A75BC101F297B1000D5A55F /* Info.plist */,
			);
			path = "iosobjective-c0727UITests";
			sourceTree = "<group>";
		};
		4A75BC1D1F297BD700D5A55F /* Frameworks */ = {
			isa = PBXGroup;
			children = (
				3452DD45DFC2803071B6299D /* libPods-iosobjective-c0727.a */,
				1D1DEE89A429B54D984636D4 /* libPods-iosobjective-c0727Tests.a */,
				CAFD70F0FF56E8763F7F73E8 /* libPods-iosobjective-c0727UITests.a */,
			);
			name = Frameworks;
			sourceTree = "<group>";
		};
/* End PBXGroup section */

/* Begin PBXNativeTarget section */
		4A75BBE21F297B1000D5A55F /* iosobjective-c0727 */ = {
			isa = PBXNativeTarget;
			buildConfigurationList = 4A75BC131F297B1000D5A55F /* Build configuration list for PBXNativeTarget "iosobjective-c0727" */;
			buildPhases = (
				8EDCA0D3DA37B7BC55830D19 /* [CP] Check Pods Manifest.lock */,
				4A75BBDF1F297B1000D5A55F /* Sources */,
				4A75BBE01F297B1000D5A55F /* Frameworks */,
				4A75BBE11F297B1000D5A55F /* Resources */,
				5389383C2AE86B3C5E9016A7 /* [CP] Embed Pods Frameworks */,
				A2947508EB1E08175C3959FA /* [CP] Copy Pods Resources */,
			);
			buildRules = (
			);
			dependencies = (
			);
			name = "iosobjective-c0727";
			productName = "iosobjective-c0727";
			productReference = 4A75BBE31F297B1000D5A55F /* iosobjective-c0727.app */;
			productType = "com.apple.product-type.application";
		};
		4A75BBFE1F297B1000D5A55F /* iosobjective-c0727Tests */ = {
			isa = PBXNativeTarget;
			buildConfigurationList = 4A75BC161F297B1000D5A55F /* Build configuration list for PBXNativeTarget "iosobjective-c0727Tests" */;
			buildPhases = (
				11E8D5B2EF4DF8678EC5EF5E /* [CP] Check Pods Manifest.lock */,
				4A75BBFB1F297B1000D5A55F /* Sources */,
				4A75BBFC1F297B1000D5A55F /* Frameworks */,
				4A75BBFD1F297B1000D5A55F /* Resources */,
				CB093216596EE6136DF8FAE2 /* [CP] Embed Pods Frameworks */,
				AEA22885289EA71ECDB4B074 /* [CP] Copy Pods Resources */,
			);
			buildRules = (
			);
			dependencies = (
				4A75BC011F297B1000D5A55F /* PBXTargetDependency */,
			);
			name = "iosobjective-c0727Tests";
			productName = "iosobjective-c0727Tests";
			productReference = 4A75BBFF1F297B1000D5A55F /* iosobjective-c0727Tests.xctest */;
			productType = "com.apple.product-type.bundle.unit-test";
		};
		4A75BC091F297B1000D5A55F /* iosobjective-c0727UITests */ = {
			isa = PBXNativeTarget;
			buildConfigurationList = 4A75BC191F297B1000D5A55F /* Build configuration list for PBXNativeTarget "iosobjective-c0727UITests" */;
			buildPhases = (
				1BF4594BE3A0CCEF8DFA5DF7 /* [CP] Check Pods Manifest.lock */,
				4A75BC061F297B1000D5A55F /* Sources */,
				4A75BC071F297B1000D5A55F /* Frameworks */,
				4A75BC081F297B1000D5A55F /* Resources */,
				506008481C32E26EB4EF88E8 /* [CP] Embed Pods Frameworks */,
				FEFB876DB5EC9FDB4DD62F9A /* [CP] Copy Pods Resources */,
			);
			buildRules = (
			);
			dependencies = (
				4A75BC0C1F297B1000D5A55F /* PBXTargetDependency */,
			);
			name = "iosobjective-c0727UITests";
			productName = "iosobjective-c0727UITests";
			productReference = 4A75BC0A1F297B1000D5A55F /* iosobjective-c0727UITests.xctest */;
			productType = "com.apple.product-type.bundle.ui-testing";
		};
/* End PBXNativeTarget section */

/* Begin PBXProject section */
		4A75BBDB1F297B1000D5A55F /* Project object */ = {
			isa = PBXProject;
			attributes = {
				LastUpgradeCheck = 0830;
				ORGANIZATIONNAME = bys;
				TargetAttributes = {
					4A75BBE21F297B1000D5A55F = {
						CreatedOnToolsVersion = 8.3.2;
						DevelopmentTeam = 3D27XEAVGH;
						ProvisioningStyle = Automatic;
						SystemCapabilities = {
							com.apple.ApplicationGroups.iOS = {
								enabled = 0;
							};
							com.apple.BackgroundModes = {
								enabled = 1;
							};
							com.apple.InterAppAudio = {
								enabled = 0;
							};
							com.apple.Keychain = {
								enabled = 0;
							};
							com.apple.NetworkExtensions = {
								enabled = 0;
							};
							com.apple.Push = {
								enabled = 1;
							};
							com.apple.VPNLite = {
								enabled = 0;
							};
						};
					};
					4A75BBFE1F297B1000D5A55F = {
						CreatedOnToolsVersion = 8.3.2;
						DevelopmentTeam = 3D27XEAVGH;
						ProvisioningStyle = Automatic;
						TestTargetID = 4A75BBE21F297B1000D5A55F;
					};
					4A75BC091F297B1000D5A55F = {
						CreatedOnToolsVersion = 8.3.2;
						DevelopmentTeam = 3D27XEAVGH;
						ProvisioningStyle = Automatic;
						TestTargetID = 4A75BBE21F297B1000D5A55F;
					};
				};
			};
			buildConfigurationList = 4A75BBDE1F297B1000D5A55F /* Build configuration list for PBXProject "iosobjective-c0727" */;
			compatibilityVersion = "Xcode 3.2";
			developmentRegion = English;
			hasScannedForEncodings = 0;
			knownRegions = (
				en,
				Base,
			);
			mainGroup = 4A75BBDA1F297B1000D5A55F;
			productRefGroup = 4A75BBE41F297B1000D5A55F /* Products */;
			projectDirPath = "";
			projectRoot = "";
			targets = (
				4A75BBE21F297B1000D5A55F /* iosobjective-c0727 */,
				4A75BBFE1F297B1000D5A55F /* iosobjective-c0727Tests */,
				4A75BC091F297B1000D5A55F /* iosobjective-c0727UITests */,
			);
		};
/* End PBXProject section */

/* Begin PBXResourcesBuildPhase section */
		4A75BBE11F297B1000D5A55F /* Resources */ = {
			isa = PBXResourcesBuildPhase;
			buildActionMask = 2147483647;
			files = (
				4A75BBF91F297B1000D5A55F /* LaunchScreen.storyboard in Resources */,
				4A75BBF61F297B1000D5A55F /* Assets.xcassets in Resources */,
				4A75BBF41F297B1000D5A55F /* Main.storyboard in Resources */,
			);
			runOnlyForDeploymentPostprocessing = 0;
		};
		4A75BBFD1F297B1000D5A55F /* Resources */ = {
			isa = PBXResourcesBuildPhase;
			buildActionMask = 2147483647;
			files = (
			);
			runOnlyForDeploymentPostprocessing = 0;
		};
		4A75BC081F297B1000D5A55F /* Resources */ = {
			isa = PBXResourcesBuildPhase;
			buildActionMask = 2147483647;
			files = (
			);
			runOnlyForDeploymentPostprocessing = 0;
		};
/* End PBXResourcesBuildPhase section */

/* Begin PBXShellScriptBuildPhase section */
		11E8D5B2EF4DF8678EC5EF5E /* [CP] Check Pods Manifest.lock */ = {
			isa = PBXShellScriptBuildPhase;
			buildActionMask = 2147483647;
			files = (
			);
			inputPaths = (
				"${PODS_PODFILE_DIR_PATH}/Podfile.lock",
				"${PODS_ROOT}/Manifest.lock",
			);
			name = "[CP] Check Pods Manifest.lock";
			outputPaths = (
				"$(DERIVED_FILE_DIR)/Pods-iosobjective-c0727Tests-checkManifestLockResult.txt",
			);
			runOnlyForDeploymentPostprocessing = 0;
			shellPath = /bin/sh;
			shellScript = "diff \"${PODS_PODFILE_DIR_PATH}/Podfile.lock\" \"${PODS_ROOT}/Manifest.lock\" > /dev/null\nif [ $? != 0 ] ; then\n    # print error to STDERR\n    echo \"error: The sandbox is not in sync with the Podfile.lock. Run 'pod install' or update your CocoaPods installation.\" >&2\n    exit 1\nfi\n# This output is used by Xcode 'outputs' to avoid re-running this script phase.\necho \"SUCCESS\" > \"${SCRIPT_OUTPUT_FILE_0}\"\n";
			showEnvVarsInLog = 0;
		};
		1BF4594BE3A0CCEF8DFA5DF7 /* [CP] Check Pods Manifest.lock */ = {
			isa = PBXShellScriptBuildPhase;
			buildActionMask = 2147483647;
			files = (
			);
			inputPaths = (
				"${PODS_PODFILE_DIR_PATH}/Podfile.lock",
				"${PODS_ROOT}/Manifest.lock",
			);
			name = "[CP] Check Pods Manifest.lock";
			outputPaths = (
				"$(DERIVED_FILE_DIR)/Pods-iosobjective-c0727UITests-checkManifestLockResult.txt",
			);
			runOnlyForDeploymentPostprocessing = 0;
			shellPath = /bin/sh;
			shellScript = "diff \"${PODS_PODFILE_DIR_PATH}/Podfile.lock\" \"${PODS_ROOT}/Manifest.lock\" > /dev/null\nif [ $? != 0 ] ; then\n    # print error to STDERR\n    echo \"error: The sandbox is not in sync with the Podfile.lock. Run 'pod install' or update your CocoaPods installation.\" >&2\n    exit 1\nfi\n# This output is used by Xcode 'outputs' to avoid re-running this script phase.\necho \"SUCCESS\" > \"${SCRIPT_OUTPUT_FILE_0}\"\n";
			showEnvVarsInLog = 0;
		};
		506008481C32E26EB4EF88E8 /* [CP] Embed Pods Frameworks */ = {
			isa = PBXShellScriptBuildPhase;
			buildActionMask = 2147483647;
			files = (
			);
			inputPaths = (
			);
			name = "[CP] Embed Pods Frameworks";
			outputPaths = (
			);
			runOnlyForDeploymentPostprocessing = 0;
			shellPath = /bin/sh;
			shellScript = "\"${SRCROOT}/Pods/Target Support Files/Pods-iosobjective-c0727UITests/Pods-iosobjective-c0727UITests-frameworks.sh\"\n";
			showEnvVarsInLog = 0;
		};
		5389383C2AE86B3C5E9016A7 /* [CP] Embed Pods Frameworks */ = {
			isa = PBXShellScriptBuildPhase;
			buildActionMask = 2147483647;
			files = (
			);
			inputPaths = (
			);
			name = "[CP] Embed Pods Frameworks";
			outputPaths = (
			);
			runOnlyForDeploymentPostprocessing = 0;
			shellPath = /bin/sh;
			shellScript = "\"${SRCROOT}/Pods/Target Support Files/Pods-iosobjective-c0727/Pods-iosobjective-c0727-frameworks.sh\"\n";
			showEnvVarsInLog = 0;
		};
		8EDCA0D3DA37B7BC55830D19 /* [CP] Check Pods Manifest.lock */ = {
			isa = PBXShellScriptBuildPhase;
			buildActionMask = 2147483647;
			files = (
			);
			inputPaths = (
				"${PODS_PODFILE_DIR_PATH}/Podfile.lock",
				"${PODS_ROOT}/Manifest.lock",
			);
			name = "[CP] Check Pods Manifest.lock";
			outputPaths = (
				"$(DERIVED_FILE_DIR)/Pods-iosobjective-c0727-checkManifestLockResult.txt",
			);
			runOnlyForDeploymentPostprocessing = 0;
			shellPath = /bin/sh;
			shellScript = "diff \"${PODS_PODFILE_DIR_PATH}/Podfile.lock\" \"${PODS_ROOT}/Manifest.lock\" > /dev/null\nif [ $? != 0 ] ; then\n    # print error to STDERR\n    echo \"error: The sandbox is not in sync with the Podfile.lock. Run 'pod install' or update your CocoaPods installation.\" >&2\n    exit 1\nfi\n# This output is used by Xcode 'outputs' to avoid re-running this script phase.\necho \"SUCCESS\" > \"${SCRIPT_OUTPUT_FILE_0}\"\n";
			showEnvVarsInLog = 0;
		};
		A2947508EB1E08175C3959FA /* [CP] Copy Pods Resources */ = {
			isa = PBXShellScriptBuildPhase;
			buildActionMask = 2147483647;
			files = (
			);
			inputPaths = (
			);
			name = "[CP] Copy Pods Resources";
			outputPaths = (
			);
			runOnlyForDeploymentPostprocessing = 0;
			shellPath = /bin/sh;
			shellScript = "\"${SRCROOT}/Pods/Target Support Files/Pods-iosobjective-c0727/Pods-iosobjective-c0727-resources.sh\"\n";
			showEnvVarsInLog = 0;
		};
		AEA22885289EA71ECDB4B074 /* [CP] Copy Pods Resources */ = {
			isa = PBXShellScriptBuildPhase;
			buildActionMask = 2147483647;
			files = (
			);
			inputPaths = (
			);
			name = "[CP] Copy Pods Resources";
			outputPaths = (
			);
			runOnlyForDeploymentPostprocessing = 0;
			shellPath = /bin/sh;
			shellScript = "\"${SRCROOT}/Pods/Target Support Files/Pods-iosobjective-c0727Tests/Pods-iosobjective-c0727Tests-resources.sh\"\n";
			showEnvVarsInLog = 0;
		};
		CB093216596EE6136DF8FAE2 /* [CP] Embed Pods Frameworks */ = {
			isa = PBXShellScriptBuildPhase;
			buildActionMask = 2147483647;
			files = (
			);
			inputPaths = (
			);
			name = "[CP] Embed Pods Frameworks";
			outputPaths = (
			);
			runOnlyForDeploymentPostprocessing = 0;
			shellPath = /bin/sh;
			shellScript = "\"${SRCROOT}/Pods/Target Support Files/Pods-iosobjective-c0727Tests/Pods-iosobjective-c0727Tests-frameworks.sh\"\n";
			showEnvVarsInLog = 0;
		};
		FEFB876DB5EC9FDB4DD62F9A /* [CP] Copy Pods Resources */ = {
			isa = PBXShellScriptBuildPhase;
			buildActionMask = 2147483647;
			files = (
			);
			inputPaths = (
			);
			name = "[CP] Copy Pods Resources";
			outputPaths = (
			);
			runOnlyForDeploymentPostprocessing = 0;
			shellPath = /bin/sh;
			shellScript = "\"${SRCROOT}/Pods/Target Support Files/Pods-iosobjective-c0727UITests/Pods-iosobjective-c0727UITests-resources.sh\"\n";
			showEnvVarsInLog = 0;
		};
/* End PBXShellScriptBuildPhase section */

/* Begin PBXSourcesBuildPhase section */
		4A75BBDF1F297B1000D5A55F /* Sources */ = {
			isa = PBXSourcesBuildPhase;
			buildActionMask = 2147483647;
			files = (
				4A75BBF11F297B1000D5A55F /* SecondViewController.m in Sources */,
				4A75BBEB1F297B1000D5A55F /* AppDelegate.m in Sources */,
				4A75BBEE1F297B1000D5A55F /* FirstViewController.m in Sources */,
				4A75BBE81F297B1000D5A55F /* main.m in Sources */,
			);
			runOnlyForDeploymentPostprocessing = 0;
		};
		4A75BBFB1F297B1000D5A55F /* Sources */ = {
			isa = PBXSourcesBuildPhase;
			buildActionMask = 2147483647;
			files = (
				4A75BC041F297B1000D5A55F /* iosobjective_c0727Tests.m in Sources */,
			);
			runOnlyForDeploymentPostprocessing = 0;
		};
		4A75BC061F297B1000D5A55F /* Sources */ = {
			isa = PBXSourcesBuildPhase;
			buildActionMask = 2147483647;
			files = (
				4A75BC0F1F297B1000D5A55F /* iosobjective_c0727UITests.m in Sources */,
			);
			runOnlyForDeploymentPostprocessing = 0;
		};
/* End PBXSourcesBuildPhase section */

/* Begin PBXTargetDependency section */
		4A75BC011F297B1000D5A55F /* PBXTargetDependency */ = {
			isa = PBXTargetDependency;
			target = 4A75BBE21F297B1000D5A55F /* iosobjective-c0727 */;
			targetProxy = 4A75BC001F297B1000D5A55F /* PBXContainerItemProxy */;
		};
		4A75BC0C1F297B1000D5A55F /* PBXTargetDependency */ = {
			isa = PBXTargetDependency;
			target = 4A75BBE21F297B1000D5A55F /* iosobjective-c0727 */;
			targetProxy = 4A75BC0B1F297B1000D5A55F /* PBXContainerItemProxy */;
		};
/* End PBXTargetDependency section */

/* Begin PBXVariantGroup section */
		4A75BBF21F297B1000D5A55F /* Main.storyboard */ = {
			isa = PBXVariantGroup;
			children = (
				4A75BBF31F297B1000D5A55F /* Base */,
			);
			name = Main.storyboard;
			sourceTree = "<group>";
		};
		4A75BBF71F297B1000D5A55F /* LaunchScreen.storyboard */ = {
			isa = PBXVariantGroup;
			children = (
				4A75BBF81F297B1000D5A55F /* Base */,
			);
			name = LaunchScreen.storyboard;
			sourceTree = "<group>";
		};
/* End PBXVariantGroup section */

/* Begin XCBuildConfiguration section */
		4A75BC111F297B1000D5A55F /* Debug */ = {
			isa = XCBuildConfiguration;
			buildSettings = {
				ALWAYS_SEARCH_USER_PATHS = NO;
				CLANG_ANALYZER_NONNULL = YES;
				CLANG_ANALYZER_NUMBER_OBJECT_CONVERSION = YES_AGGRESSIVE;
				CLANG_CXX_LANGUAGE_STANDARD = "gnu++0x";
				CLANG_CXX_LIBRARY = "libc++";
				CLANG_ENABLE_MODULES = YES;
				CLANG_ENABLE_OBJC_ARC = YES;
				CLANG_WARN_BOOL_CONVERSION = YES;
				CLANG_WARN_CONSTANT_CONVERSION = YES;
				CLANG_WARN_DIRECT_OBJC_ISA_USAGE = YES_ERROR;
				CLANG_WARN_DOCUMENTATION_COMMENTS = YES;
				CLANG_WARN_EMPTY_BODY = YES;
				CLANG_WARN_ENUM_CONVERSION = YES;
				CLANG_WARN_INFINITE_RECURSION = YES;
				CLANG_WARN_INT_CONVERSION = YES;
				CLANG_WARN_OBJC_ROOT_CLASS = YES_ERROR;
				CLANG_WARN_SUSPICIOUS_MOVE = YES;
				CLANG_WARN_UNREACHABLE_CODE = YES;
				CLANG_WARN__DUPLICATE_METHOD_MATCH = YES;
				"CODE_SIGN_IDENTITY[sdk=iphoneos*]" = "iPhone Developer";
				COPY_PHASE_STRIP = NO;
				DEBUG_INFORMATION_FORMAT = dwarf;
				ENABLE_STRICT_OBJC_MSGSEND = YES;
				ENABLE_TESTABILITY = YES;
				GCC_C_LANGUAGE_STANDARD = gnu99;
				GCC_DYNAMIC_NO_PIC = NO;
				GCC_NO_COMMON_BLOCKS = YES;
				GCC_OPTIMIZATION_LEVEL = 0;
				GCC_PREPROCESSOR_DEFINITIONS = (
					"DEBUG=1",
					"$(inherited)",
				);
				GCC_WARN_64_TO_32_BIT_CONVERSION = YES;
				GCC_WARN_ABOUT_RETURN_TYPE = YES_ERROR;
				GCC_WARN_UNDECLARED_SELECTOR = YES;
				GCC_WARN_UNINITIALIZED_AUTOS = YES_AGGRESSIVE;
				GCC_WARN_UNUSED_FUNCTION = YES;
				GCC_WARN_UNUSED_VARIABLE = YES;
				IPHONEOS_DEPLOYMENT_TARGET = 10.3;
				MTL_ENABLE_DEBUG_INFO = YES;
				ONLY_ACTIVE_ARCH = YES;
				SDKROOT = iphoneos;
			};
			name = Debug;
		};
		4A75BC121F297B1000D5A55F /* Release */ = {
			isa = XCBuildConfiguration;
			buildSettings = {
				ALWAYS_SEARCH_USER_PATHS = NO;
				CLANG_ANALYZER_NONNULL = YES;
				CLANG_ANALYZER_NUMBER_OBJECT_CONVERSION = YES_AGGRESSIVE;
				CLANG_CXX_LANGUAGE_STANDARD = "gnu++0x";
				CLANG_CXX_LIBRARY = "libc++";
				CLANG_ENABLE_MODULES = YES;
				CLANG_ENABLE_OBJC_ARC = YES;
				CLANG_WARN_BOOL_CONVERSION = YES;
				CLANG_WARN_CONSTANT_CONVERSION = YES;
				CLANG_WARN_DIRECT_OBJC_ISA_USAGE = YES_ERROR;
				CLANG_WARN_DOCUMENTATION_COMMENTS = YES;
				CLANG_WARN_EMPTY_BODY = YES;
				CLANG_WARN_ENUM_CONVERSION = YES;
				CLANG_WARN_INFINITE_RECURSION = YES;
				CLANG_WARN_INT_CONVERSION = YES;
				CLANG_WARN_OBJC_ROOT_CLASS = YES_ERROR;
				CLANG_WARN_SUSPICIOUS_MOVE = YES;
				CLANG_WARN_UNREACHABLE_CODE = YES;
				CLANG_WARN__DUPLICATE_METHOD_MATCH = YES;
				"CODE_SIGN_IDENTITY[sdk=iphoneos*]" = "iPhone Developer";
				COPY_PHASE_STRIP = NO;
				DEBUG_INFORMATION_FORMAT = "dwarf-with-dsym";
				ENABLE_NS_ASSERTIONS = NO;
				ENABLE_STRICT_OBJC_MSGSEND = YES;
				GCC_C_LANGUAGE_STANDARD = gnu99;
				GCC_NO_COMMON_BLOCKS = YES;
				GCC_WARN_64_TO_32_BIT_CONVERSION = YES;
				GCC_WARN_ABOUT_RETURN_TYPE = YES_ERROR;
				GCC_WARN_UNDECLARED_SELECTOR = YES;
				GCC_WARN_UNINITIALIZED_AUTOS = YES_AGGRESSIVE;
				GCC_WARN_UNUSED_FUNCTION = YES;
				GCC_WARN_UNUSED_VARIABLE = YES;
				IPHONEOS_DEPLOYMENT_TARGET = 10.3;
				MTL_ENABLE_DEBUG_INFO = NO;
				SDKROOT = iphoneos;
				VALIDATE_PRODUCT = YES;
			};
			name = Release;
		};
		4A75BC141F297B1000D5A55F /* Debug */ = {
			isa = XCBuildConfiguration;
			baseConfigurationReference = 1471CB65FBD554423562BFF9 /* Pods-iosobjective-c0727.debug.xcconfig */;
			buildSettings = {
				ASSETCATALOG_COMPILER_APPICON_NAME = AppIcon;
				CODE_SIGN_ENTITLEMENTS = "iosobjective-c0727/iosobjective-c0727.entitlements";
				DEVELOPMENT_TEAM = 3D27XEAVGH;
				INFOPLIST_FILE = "iosobjective-c0727/Info.plist";
				LD_RUNPATH_SEARCH_PATHS = "$(inherited) @executable_path/Frameworks";
				PRODUCT_BUNDLE_IDENTIFIER = "qw.iosobjective-c0727";
				PRODUCT_NAME = "$(TARGET_NAME)";
			};
			name = Debug;
		};
		4A75BC151F297B1000D5A55F /* Release */ = {
			isa = XCBuildConfiguration;
			baseConfigurationReference = A8EE1AFD6C0A3DB73BA2D012 /* Pods-iosobjective-c0727.release.xcconfig */;
			buildSettings = {
				ASSETCATALOG_COMPILER_APPICON_NAME = AppIcon;
				CODE_SIGN_ENTITLEMENTS = "iosobjective-c0727/iosobjective-c0727.entitlements";
				DEVELOPMENT_TEAM = 3D27XEAVGH;
				INFOPLIST_FILE = "iosobjective-c0727/Info.plist";
				LD_RUNPATH_SEARCH_PATHS = "$(inherited) @executable_path/Frameworks";
				PRODUCT_BUNDLE_IDENTIFIER = "qw.iosobjective-c0727";
				PRODUCT_NAME = "$(TARGET_NAME)";
			};
			name = Release;
		};
		4A75BC171F297B1000D5A55F /* Debug */ = {
			isa = XCBuildConfiguration;
			baseConfigurationReference = 99CC78A2F91B370E565EDB3E /* Pods-iosobjective-c0727Tests.debug.xcconfig */;
			buildSettings = {
				BUNDLE_LOADER = "$(TEST_HOST)";
				DEVELOPMENT_TEAM = 3D27XEAVGH;
				INFOPLIST_FILE = "iosobjective-c0727Tests/Info.plist";
				LD_RUNPATH_SEARCH_PATHS = "$(inherited) @executable_path/Frameworks @loader_path/Frameworks";
				PRODUCT_BUNDLE_IDENTIFIER = "qw.iosobjective-c0727Tests";
				PRODUCT_NAME = "$(TARGET_NAME)";
				TEST_HOST = "$(BUILT_PRODUCTS_DIR)/iosobjective-c0727.app/iosobjective-c0727";
			};
			name = Debug;
		};
		4A75BC181F297B1000D5A55F /* Release */ = {
			isa = XCBuildConfiguration;
			baseConfigurationReference = 2FB4B627D88212068B198F1C /* Pods-iosobjective-c0727Tests.release.xcconfig */;
			buildSettings = {
				BUNDLE_LOADER = "$(TEST_HOST)";
				DEVELOPMENT_TEAM = 3D27XEAVGH;
				INFOPLIST_FILE = "iosobjective-c0727Tests/Info.plist";
				LD_RUNPATH_SEARCH_PATHS = "$(inherited) @executable_path/Frameworks @loader_path/Frameworks";
				PRODUCT_BUNDLE_IDENTIFIER = "qw.iosobjective-c0727Tests";
				PRODUCT_NAME = "$(TARGET_NAME)";
				TEST_HOST = "$(BUILT_PRODUCTS_DIR)/iosobjective-c0727.app/iosobjective-c0727";
			};
			name = Release;
		};
		4A75BC1A1F297B1000D5A55F /* Debug */ = {
			isa = XCBuildConfiguration;
			baseConfigurationReference = 43A21DB3937C9267C9F85923 /* Pods-iosobjective-c0727UITests.debug.xcconfig */;
			buildSettings = {
				DEVELOPMENT_TEAM = 3D27XEAVGH;
				INFOPLIST_FILE = "iosobjective-c0727UITests/Info.plist";
				LD_RUNPATH_SEARCH_PATHS = "$(inherited) @executable_path/Frameworks @loader_path/Frameworks";
				PRODUCT_BUNDLE_IDENTIFIER = "qw.iosobjective-c0727UITests";
				PRODUCT_NAME = "$(TARGET_NAME)";
				TEST_TARGET_NAME = "iosobjective-c0727";
			};
			name = Debug;
		};
		4A75BC1B1F297B1000D5A55F /* Release */ = {
			isa = XCBuildConfiguration;
			baseConfigurationReference = 9DE683526C9C779E63A02535 /* Pods-iosobjective-c0727UITests.release.xcconfig */;
			buildSettings = {
				DEVELOPMENT_TEAM = 3D27XEAVGH;
				INFOPLIST_FILE = "iosobjective-c0727UITests/Info.plist";
				LD_RUNPATH_SEARCH_PATHS = "$(inherited) @executable_path/Frameworks @loader_path/Frameworks";
				PRODUCT_BUNDLE_IDENTIFIER = "qw.iosobjective-c0727UITests";
				PRODUCT_NAME = "$(TARGET_NAME)";
				TEST_TARGET_NAME = "iosobjective-c0727";
			};
			name = Release;
		};
/* End XCBuildConfiguration section */

/* Begin XCConfigurationList section */
		4A75BBDE1F297B1000D5A55F /* Build configuration list for PBXProject "iosobjective-c0727" */ = {
			isa = XCConfigurationList;
			buildConfigurations = (
				4A75BC111F297B1000D5A55F /* Debug */,
				4A75BC121F297B1000D5A55F /* Release */,
			);
			defaultConfigurationIsVisible = 0;
			defaultConfigurationName = Release;
		};
		4A75BC131F297B1000D5A55F /* Build configuration list for PBXNativeTarget "iosobjective-c0727" */ = {
			isa = XCConfigurationList;
			buildConfigurations = (
				4A75BC141F297B1000D5A55F /* Debug */,
				4A75BC151F297B1000D5A55F /* Release */,
			);
			defaultConfigurationIsVisible = 0;
		};
		4A75BC161F297B1000D5A55F /* Build configuration list for PBXNativeTarget "iosobjective-c0727Tests" */ = {
			isa = XCConfigurationList;
			buildConfigurations = (
				4A75BC171F297B1000D5A55F /* Debug */,
				4A75BC181F297B1000D5A55F /* Release */,
			);
			defaultConfigurationIsVisible = 0;
		};
		4A75BC191F297B1000D5A55F /* Build configuration list for PBXNativeTarget "iosobjective-c0727UITests" */ = {
			isa = XCConfigurationList;
			buildConfigurations = (
				4A75BC1A1F297B1000D5A55F /* Debug */,
				4A75BC1B1F297B1000D5A55F /* Release */,
			);
			defaultConfigurationIsVisible = 0;
		};
/* End XCConfigurationList section */
	};
	rootObject = 4A75BBDB1F297B1000D5A55F /* Project object */;
}
